
Microsoft Visual Studio Solution File, Format Version 12.00
Project("{FAE04EC0-301F-11D3-BF4B-00C04F79EFBC}") = "Natify", "Natify\Natify.csproj", "{A14400C3-46F6-4F0E-8A2C-0427D03D1357}"
EndProject
Project("{FAE04EC0-301F-11D3-BF4B-00C04F79EFBC}") = "NatifyTest", "NatifyTest\NatifyTest.csproj", "{6B7BA39C-31EC-49C2-B57D-D8BC7CBCAFCD}"
EndProject
Global
	GlobalSection(SolutionConfigurationPlatforms) = preSolution
		Debug|Any CPU = Debug|Any CPU
		Release|Any CPU = Release|Any CPU
	EndGlobalSection
	GlobalSection(ProjectConfigurationPlatforms) = postSolution
		{A14400C3-46F6-4F0E-8A2C-0427D03D1357}.Debug|Any CPU.ActiveCfg = Debug|Any CPU
		{A14400C3-46F6-4F0E-8A2C-0427D03D1357}.Debug|Any CPU.Build.0 = Debug|Any CPU
		{A14400C3-46F6-4F0E-8A2C-0427D03D1357}.Release|Any CPU.ActiveCfg = Release|Any CPU
		{A14400C3-46F6-4F0E-8A2C-0427D03D1357}.Release|Any CPU.Build.0 = Release|Any CPU
		{6B7BA39C-31EC-49C2-B57D-D8BC7CBCAFCD}.Debug|Any CPU.ActiveCfg = Debug|Any CPU
		{6B7BA39C-31EC-49C2-B57D-D8BC7CBCAFCD}.Debug|Any CPU.Build.0 = Debug|Any CPU
		{6B7BA39C-31EC-49C2-B57D-D8BC7CBCAFCD}.Release|Any CPU.ActiveCfg = Release|Any CPU
		{6B7BA39C-31EC-49C2-B57D-D8BC7CBCAFCD}.Release|Any CPU.Build.0 = Release|Any CPU
	EndGlobalSection
EndGlobal
